{
  "name": "yoti-node-sdk-aml-check-example",
  "version": "1.0.0",
  "lockfileVersion": 2,
  "requires": true,
  "packages": {
    "": {
      "name": "yoti-node-sdk-aml-check-example",
      "version": "1.0.0",
      "license": "MIT",
      "dependencies": {
        "dotenv": "16.0.2",
        "yoti": "file:../.."
      },
      "engines": {
        "node": ">=14"
      }
    },
    "../..": {
      "name": "yoti",
      "version": "4.13.0",
      "license": "MIT",
      "dependencies": {
        "form-data": "4.0.4",
        "node-forge": "1.4.0",
        "protobufjs": "8.0.1",
        "superagent": "10.3.0",
        "uuid": "9.0.1"
      },
      "devDependencies": {
        "@eslint/compat": "2.0.5",
        "@eslint/js": "9.39.4",
        "@types/jest": "30.0.0",
        "audit-ci": "7.1.0",
        "eslint": "9.39.4",
        "eslint-config-airbnb-extended": "3.1.0",
        "eslint-plugin-jest": "29.15.2",
        "husky": "9.0.11",
        "jest": "30.3.0",
        "nock": "13.5.6",
        "typescript": "5.3.3"
      },
      "engines": {
        "node": ">=14"
      }
    },
    "node_modules/dotenv": {
      "version": "16.0.2",
      "resolved": "https://registry.npmjs.org/dotenv/-/dotenv-16.0.2.tgz",
      "integrity": "sha512-JvpYKUmzQhYoIFgK2MOnF3bciIZoItIIoryihy0rIA+H4Jy0FmgyKYAHCTN98P5ybGSJcIFbh6QKeJdtZd1qhA==",
      "engines": {
        "node": ">=12"
      }
    },
    "node_modules/yoti": {
      "resolved": "../..",
      "link": true
    }
  },
  "dependencies": {
    "dotenv": {
      "version": "16.0.2",
      "resolved": "https://registry.npmjs.org/dotenv/-/dotenv-16.0.2.tgz",
      "integrity": "sha512-JvpYKUmzQhYoIFgK2MOnF3bciIZoItIIoryihy0rIA+H4Jy0FmgyKYAHCTN98P5ybGSJcIFbh6QKeJdtZd1qhA=="
    },
    "yoti": {
      "version": "file:../..",
      "requires": {
        "@eslint/compat": "2.0.5",
        "@eslint/js": "9.39.4",
        "@types/jest": "30.0.0",
        "audit-ci": "7.1.0",
        "eslint": "9.39.4",
        "eslint-config-airbnb-extended": "3.1.0",
        "eslint-plugin-jest": "29.15.2",
        "form-data": "4.0.4",
        "husky": "9.0.11",
        "jest": "30.3.0",
        "nock": "13.5.6",
        "node-forge": "1.4.0",
        "protobufjs": "8.0.1",
        "superagent": "10.3.0",
        "typescript": "5.3.3",
        "uuid": "9.0.1"
      }
    }
  }
}
